
Microsoft Visual Studio Solution File, Format Version 12.00
# Visual Studio Version 17
VisualStudioVersion = 17.6.33723.286
MinimumVisualStudioVersion = 10.0.40219.1
Project("{FAE04EC0-301F-11D3-BF4B-00C04F79EFBC}") = "LongestArithmeticSubsequence", "LongestArithmeticSubsequence.csproj", "{202DB74E-2AC0-498F-BFA2-23CC445E40D0}"
EndProject
Global
	GlobalSection(SolutionConfigurationPlatforms) = preSolution
		Debug|Any CPU = Debug|Any CPU
		Release|Any CPU = Release|Any CPU
	EndGlobalSection
	GlobalSection(ProjectConfigurationPlatforms) = postSolution
		{202DB74E-2AC0-498F-BFA2-23CC445E40D0}.Debug|Any CPU.ActiveCfg = Debug|Any CPU
		{202DB74E-2AC0-498F-BFA2-23CC445E40D0}.Debug|Any CPU.Build.0 = Debug|Any CPU
		{202DB74E-2AC0-498F-BFA2-23CC445E40D0}.Release|Any CPU.ActiveCfg = Release|Any CPU
		{202DB74E-2AC0-498F-BFA2-23CC445E40D0}.Release|Any CPU.Build.0 = Release|Any CPU
	EndGlobalSection
	GlobalSection(SolutionProperties) = preSolution
		HideSolutionNode = FALSE
	EndGlobalSection
	GlobalSection(ExtensibilityGlobals) = postSolution
		SolutionGuid = {ACD3402D-3E10-4B13-A72F-3F248B4C22B5}
	EndGlobalSection
EndGlobal
